
Microsoft Visual Studio Solution File, Format Version 12.00
# Visual Studio Version 16
VisualStudioVersion = 16.0.30523.141
MinimumVisualStudioVersion = 10.0.40219.1
Project("{FAE04EC0-301F-11D3-BF4B-00C04F79EFBC}") = "Facturacion2", "Facturacion2\Facturacion2.csproj", "{B055A221-0E87-49C4-A88F-BCA4D1498544}"
EndProject
Global
	GlobalSection(SolutionConfigurationPlatforms) = preSolution
		Debug|Any CPU = Debug|Any CPU
		Release|Any CPU = Release|Any CPU
	EndGlobalSection
	GlobalSection(ProjectConfigurationPlatforms) = postSolution
		{B055A221-0E87-49C4-A88F-BCA4D1498544}.Debug|Any CPU.ActiveCfg = Debug|Any CPU
		{B055A221-0E87-49C4-A88F-BCA4D1498544}.Debug|Any CPU.Build.0 = Debug|Any CPU
		{B055A221-0E87-49C4-A88F-BCA4D1498544}.Release|Any CPU.ActiveCfg = Release|Any CPU
		{B055A221-0E87-49C4-A88F-BCA4D1498544}.Release|Any CPU.Build.0 = Release|Any CPU
	EndGlobalSection
	GlobalSection(SolutionProperties) = preSolution
		HideSolutionNode = FALSE
	EndGlobalSection
	GlobalSection(ExtensibilityGlobals) = postSolution
		SolutionGuid = {7AE787B2-4E28-463A-97EC-E4DF8E734F55}
	EndGlobalSection
EndGlobal
